// !$*UTF8*$!
{
	archiveVersion = 1;
	classes = {
	};
	objectVersion = 56;
	objects = {

/* Begin PBXBuildFile section */
		D6AB591E2979630100FB7E4E /* AppDelegate.swift in Sources */ = {isa = PBXBuildFile; fileRef = D6AB591D2979630100FB7E4E /* AppDelegate.swift */; };
		D6AB59202979630100FB7E4E /* SceneDelegate.swift in Sources */ = {isa = PBXBuildFile; fileRef = D6AB591F2979630100FB7E4E /* SceneDelegate.swift */; };
		D6AB59222979630100FB7E4E /* ViewController.swift in Sources */ = {isa = PBXBuildFile; fileRef = D6AB59212979630100FB7E4E /* ViewController.swift */; };
		D6AB59252979630100FB7E4E /* Main.storyboard in Resources */ = {isa = PBXBuildFile; fileRef = D6AB59232979630100FB7E4E /* Main.storyboard */; };
		D6AB592A2979630300FB7E4E /* LaunchScreen.storyboard in Resources */ = {isa = PBXBuildFile; fileRef = D6AB59282979630300FB7E4E /* LaunchScreen.storyboard */; };
		D6AB59382979640100FB7E4E /* MainTabController.swift in Sources */ = {isa = PBXBuildFile; fileRef = D6AB59372979640100FB7E4E /* MainTabController.swift */; };
		D6AB593A2979653700FB7E4E /* FeedController.swift in Sources */ = {isa = PBXBuildFile; fileRef = D6AB59392979653700FB7E4E /* FeedController.swift */; };
		D6AB593C2979654300FB7E4E /* SearchController.swift in Sources */ = {isa = PBXBuildFile; fileRef = D6AB593B2979654300FB7E4E /* SearchController.swift */; };
		D6AB593E2979654F00FB7E4E /* ImageSelectionController.swift in Sources */ = {isa = PBXBuildFile; fileRef = D6AB593D2979654F00FB7E4E /* ImageSelectionController.swift */; };
		D6AB59402979655E00FB7E4E /* NotificationController.swift in Sources */ = {isa = PBXBuildFile; fileRef = D6AB593F2979655E00FB7E4E /* NotificationController.swift */; };
		D6AB59422979656C00FB7E4E /* ProfileController.swift in Sources */ = {isa = PBXBuildFile; fileRef = D6AB59412979656C00FB7E4E /* ProfileController.swift */; };
		D6AB5944297969F600FB7E4E /* Assets.xcassets in Resources */ = {isa = PBXBuildFile; fileRef = D6AB5943297969F600FB7E4E /* Assets.xcassets */; };
		D6AB59462979711C00FB7E4E /* FeedCell.swift in Sources */ = {isa = PBXBuildFile; fileRef = D6AB59452979711C00FB7E4E /* FeedCell.swift */; };
		D6AB5948297971D000FB7E4E /* Extensions.swift in Sources */ = {isa = PBXBuildFile; fileRef = D6AB5947297971D000FB7E4E /* Extensions.swift */; };
		D6AB594B297A51B000FB7E4E /* LoginController.swift in Sources */ = {isa = PBXBuildFile; fileRef = D6AB594A297A51B000FB7E4E /* LoginController.swift */; };
		D6AB594D297A51BE00FB7E4E /* RegistrationController.swift in Sources */ = {isa = PBXBuildFile; fileRef = D6AB594C297A51BE00FB7E4E /* RegistrationController.swift */; };
		D6AB594F297A81B200FB7E4E /* CustomTextField.swift in Sources */ = {isa = PBXBuildFile; fileRef = D6AB594E297A81B200FB7E4E /* CustomTextField.swift */; };
		D6AB5951297AA43000FB7E4E /* AuthenticationViewModel.swift in Sources */ = {isa = PBXBuildFile; fileRef = D6AB5950297AA43000FB7E4E /* AuthenticationViewModel.swift */; };
/* End PBXBuildFile section */

/* Begin PBXFileReference section */
		D6AB591A2979630100FB7E4E /* Instagram_01.app */ = {isa = PBXFileReference; explicitFileType = wrapper.application; includeInIndex = 0; path = Instagram_01.app; sourceTree = BUILT_PRODUCTS_DIR; };
		D6AB591D2979630100FB7E4E /* AppDelegate.swift */ = {isa = PBXFileReference; lastKnownFileType = sourcecode.swift; path = AppDelegate.swift; sourceTree = "<group>"; };
		D6AB591F2979630100FB7E4E /* SceneDelegate.swift */ = {isa = PBXFileReference; lastKnownFileType = sourcecode.swift; path = SceneDelegate.swift; sourceTree = "<group>"; };
		D6AB59212979630100FB7E4E /* ViewController.swift */ = {isa = PBXFileReference; lastKnownFileType = sourcecode.swift; path = ViewController.swift; sourceTree = "<group>"; };
		D6AB59242979630100FB7E4E /* Base */ = {isa = PBXFileReference; lastKnownFileType = file.storyboard; name = Base; path = Base.lproj/Main.storyboard; sourceTree = "<group>"; };
		D6AB59292979630300FB7E4E /* Base */ = {isa = PBXFileReference; lastKnownFileType = file.storyboard; name = Base; path = Base.lproj/LaunchScreen.storyboard; sourceTree = "<group>"; };
		D6AB592B2979630300FB7E4E /* Info.plist */ = {isa = PBXFileReference; lastKnownFileType = text.plist.xml; path = Info.plist; sourceTree = "<group>"; };
		D6AB59372979640100FB7E4E /* MainTabController.swift */ = {isa = PBXFileReference; lastKnownFileType = sourcecode.swift; path = MainTabController.swift; sourceTree = "<group>"; };
		D6AB59392979653700FB7E4E /* FeedController.swift */ = {isa = PBXFileReference; lastKnownFileType = sourcecode.swift; path = FeedController.swift; sourceTree = "<group>"; };
		D6AB593B2979654300FB7E4E /* SearchController.swift */ = {isa = PBXFileReference; lastKnownFileType = sourcecode.swift; path = SearchController.swift; sourceTree = "<group>"; };
		D6AB593D2979654F00FB7E4E /* ImageSelectionController.swift */ = {isa = PBXFileReference; lastKnownFileType = sourcecode.swift; path = ImageSelectionController.swift; sourceTree = "<group>"; };
		D6AB593F2979655E00FB7E4E /* NotificationController.swift */ = {isa = PBXFileReference; lastKnownFileType = sourcecode.swift; path = NotificationController.swift; sourceTree = "<group>"; };
		D6AB59412979656C00FB7E4E /* ProfileController.swift */ = {isa = PBXFileReference; lastKnownFileType = sourcecode.swift; path = ProfileController.swift; sourceTree = "<group>"; };
		D6AB5943297969F600FB7E4E /* Assets.xcassets */ = {isa = PBXFileReference; lastKnownFileType = folder.assetcatalog; name = Assets.xcassets; path = ../../../../Downloads/Assets.xcassets; sourceTree = "<group>"; };
		D6AB59452979711C00FB7E4E /* FeedCell.swift */ = {isa = PBXFileReference; lastKnownFileType = sourcecode.swift; path = FeedCell.swift; sourceTree = "<group>"; };
		D6AB5947297971D000FB7E4E /* Extensions.swift */ = {isa = PBXFileReference; lastKnownFileType = sourcecode.swift; path = Extensions.swift; sourceTree = "<group>"; };
		D6AB594A297A51B000FB7E4E /* LoginController.swift */ = {isa = PBXFileReference; lastKnownFileType = sourcecode.swift; path = LoginController.swift; sourceTree = "<group>"; };
		D6AB594C297A51BE00FB7E4E /* RegistrationController.swift */ = {isa = PBXFileReference; lastKnownFileType = sourcecode.swift; path = RegistrationController.swift; sourceTree = "<group>"; };
		D6AB594E297A81B200FB7E4E /* CustomTextField.swift */ = {isa = PBXFileReference; lastKnownFileType = sourcecode.swift; path = CustomTextField.swift; sourceTree = "<group>"; };
		D6AB5950297AA43000FB7E4E /* AuthenticationViewModel.swift */ = {isa = PBXFileReference; lastKnownFileType = sourcecode.swift; path = AuthenticationViewModel.swift; sourceTree = "<group>"; };
/* End PBXFileReference section */

/* Begin PBXFrameworksBuildPhase section */
		D6AB59172979630100FB7E4E /* Frameworks */ = {
			isa = PBXFrameworksBuildPhase;
			buildActionMask = 2147483647;
			files = (
			);
			runOnlyForDeploymentPostprocessing = 0;
		};
/* End PBXFrameworksBuildPhase section */

/* Begin PBXGroup section */
		D6AB59112979630100FB7E4E = {
			isa = PBXGroup;
			children = (
				D6AB591C2979630100FB7E4E /* Instagram_01 */,
				D6AB591B2979630100FB7E4E /* Products */,
			);
			sourceTree = "<group>";
		};
		D6AB591B2979630100FB7E4E /* Products */ = {
			isa = PBXGroup;
			children = (
				D6AB591A2979630100FB7E4E /* Instagram_01.app */,
			);
			name = Products;
			sourceTree = "<group>";
		};
		D6AB591C2979630100FB7E4E /* Instagram_01 */ = {
			isa = PBXGroup;
			children = (
				D6AB59362979639900FB7E4E /* Utilitis */,
				D6AB59352979635400FB7E4E /* Model */,
				D6AB59342979635200FB7E4E /* View */,
				D6AB59332979635000FB7E4E /* ViewModel */,
				D6AB59322979634900FB7E4E /* Controller */,
				D6AB59312979632E00FB7E4E /* API */,
				D6AB591D2979630100FB7E4E /* AppDelegate.swift */,
				D6AB591F2979630100FB7E4E /* SceneDelegate.swift */,
				D6AB59212979630100FB7E4E /* ViewController.swift */,
				D6AB59232979630100FB7E4E /* Main.storyboard */,
				D6AB5943297969F600FB7E4E /* Assets.xcassets */,
				D6AB59282979630300FB7E4E /* LaunchScreen.storyboard */,
				D6AB592B2979630300FB7E4E /* Info.plist */,
			);
			path = Instagram_01;
			sourceTree = "<group>";
		};
		D6AB59312979632E00FB7E4E /* API */ = {
			isa = PBXGroup;
			children = (
			);
			path = API;
			sourceTree = "<group>";
		};
		D6AB59322979634900FB7E4E /* Controller */ = {
			isa = PBXGroup;
			children = (
				D6AB5949297A519B00FB7E4E /* Authentication */,
				D6AB59372979640100FB7E4E /* MainTabController.swift */,
				D6AB59392979653700FB7E4E /* FeedController.swift */,
				D6AB593B2979654300FB7E4E /* SearchController.swift */,
				D6AB593D2979654F00FB7E4E /* ImageSelectionController.swift */,
				D6AB593F2979655E00FB7E4E /* NotificationController.swift */,
				D6AB59412979656C00FB7E4E /* ProfileController.swift */,
			);
			path = Controller;
			sourceTree = "<group>";
		};
		D6AB59332979635000FB7E4E /* ViewModel */ = {
			isa = PBXGroup;
			children = (
				D6AB5950297AA43000FB7E4E /* AuthenticationViewModel.swift */,
			);
			path = ViewModel;
			sourceTree = "<group>";
		};
		D6AB59342979635200FB7E4E /* View */ = {
			isa = PBXGroup;
			children = (
				D6AB59452979711C00FB7E4E /* FeedCell.swift */,
				D6AB594E297A81B200FB7E4E /* CustomTextField.swift */,
			);
			path = View;
			sourceTree = "<group>";
		};
		D6AB59352979635400FB7E4E /* Model */ = {
			isa = PBXGroup;
			children = (
			);
			path = Model;
			sourceTree = "<group>";
		};
		D6AB59362979639900FB7E4E /* Utilitis */ = {
			isa = PBXGroup;
			children = (
				D6AB5947297971D000FB7E4E /* Extensions.swift */,
			);
			path = Utilitis;
			sourceTree = "<group>";
		};
		D6AB5949297A519B00FB7E4E /* Authentication */ = {
			isa = PBXGroup;
			children = (
				D6AB594A297A51B000FB7E4E /* LoginController.swift */,
				D6AB594C297A51BE00FB7E4E /* RegistrationController.swift */,
			);
			path = Authentication;
			sourceTree = "<group>";
		};
/* End PBXGroup section */

/* Begin PBXNativeTarget section */
		D6AB59192979630100FB7E4E /* Instagram_01 */ = {
			isa = PBXNativeTarget;
			buildConfigurationList = D6AB592E2979630300FB7E4E /* Build configuration list for PBXNativeTarget "Instagram_01" */;
			buildPhases = (
				D6AB59162979630100FB7E4E /* Sources */,
				D6AB59172979630100FB7E4E /* Frameworks */,
				D6AB59182979630100FB7E4E /* Resources */,
			);
			buildRules = (
			);
			dependencies = (
			);
			name = Instagram_01;
			productName = Instagram_01;
			productReference = D6AB591A2979630100FB7E4E /* Instagram_01.app */;
			productType = "com.apple.product-type.application";
		};
/* End PBXNativeTarget section */

/* Begin PBXProject section */
		D6AB59122979630100FB7E4E /* Project object */ = {
			isa = PBXProject;
			attributes = {
				BuildIndependentTargetsInParallel = 1;
				LastSwiftUpdateCheck = 1410;
				LastUpgradeCheck = 1410;
				TargetAttributes = {
					D6AB59192979630100FB7E4E = {
						CreatedOnToolsVersion = 14.1;
					};
				};
			};
			buildConfigurationList = D6AB59152979630100FB7E4E /* Build configuration list for PBXProject "Instagram_01" */;
			compatibilityVersion = "Xcode 14.0";
			developmentRegion = en;
			hasScannedForEncodings = 0;
			knownRegions = (
				en,
				Base,
			);
			mainGroup = D6AB59112979630100FB7E4E;
			productRefGroup = D6AB591B2979630100FB7E4E /* Products */;
			projectDirPath = "";
			projectRoot = "";
			targets = (
				D6AB59192979630100FB7E4E /* Instagram_01 */,
			);
		};
/* End PBXProject section */

/* Begin PBXResourcesBuildPhase section */
		D6AB59182979630100FB7E4E /* Resources */ = {
			isa = PBXResourcesBuildPhase;
			buildActionMask = 2147483647;
			files = (
				D6AB592A2979630300FB7E4E /* LaunchScreen.storyboard in Resources */,
				D6AB5944297969F600FB7E4E /* Assets.xcassets in Resources */,
				D6AB59252979630100FB7E4E /* Main.storyboard in Resources */,
			);
			runOnlyForDeploymentPostprocessing = 0;
		};
/* End PBXResourcesBuildPhase section */

/* Begin PBXSourcesBuildPhase section */
		D6AB59162979630100FB7E4E /* Sources */ = {
			isa = PBXSourcesBuildPhase;
			buildActionMask = 2147483647;
			files = (
				D6AB594F297A81B200FB7E4E /* CustomTextField.swift in Sources */,
				D6AB59222979630100FB7E4E /* ViewController.swift in Sources */,
				D6AB594B297A51B000FB7E4E /* LoginController.swift in Sources */,
				D6AB59462979711C00FB7E4E /* FeedCell.swift in Sources */,
				D6AB593C2979654300FB7E4E /* SearchController.swift in Sources */,
				D6AB59402979655E00FB7E4E /* NotificationController.swift in Sources */,
				D6AB5951297AA43000FB7E4E /* AuthenticationViewModel.swift in Sources */,
				D6AB591E2979630100FB7E4E /* AppDelegate.swift in Sources */,
				D6AB593A2979653700FB7E4E /* FeedController.swift in Sources */,
				D6AB59422979656C00FB7E4E /* ProfileController.swift in Sources */,
				D6AB59382979640100FB7E4E /* MainTabController.swift in Sources */,
				D6AB593E2979654F00FB7E4E /* ImageSelectionController.swift in Sources */,
				D6AB5948297971D000FB7E4E /* Extensions.swift in Sources */,
				D6AB59202979630100FB7E4E /* SceneDelegate.swift in Sources */,
				D6AB594D297A51BE00FB7E4E /* RegistrationController.swift in Sources */,
			);
			runOnlyForDeploymentPostprocessing = 0;
		};
/* End PBXSourcesBuildPhase section */

/* Begin PBXVariantGroup section */
		D6AB59232979630100FB7E4E /* Main.storyboard */ = {
			isa = PBXVariantGroup;
			children = (
				D6AB59242979630100FB7E4E /* Base */,
			);
			name = Main.storyboard;
			sourceTree = "<group>";
		};
		D6AB59282979630300FB7E4E /* LaunchScreen.storyboard */ = {
			isa = PBXVariantGroup;
			children = (
				D6AB59292979630300FB7E4E /* Base */,
			);
			name = LaunchScreen.storyboard;
			sourceTree = "<group>";
		};
/* End PBXVariantGroup section */

/* Begin XCBuildConfiguration section */
		D6AB592C2979630300FB7E4E /* Debug */ = {
			isa = XCBuildConfiguration;
			buildSettings = {
				ALWAYS_SEARCH_USER_PATHS = NO;
				CLANG_ANALYZER_NONNULL = YES;
				CLANG_ANALYZER_NUMBER_OBJECT_CONVERSION = YES_AGGRESSIVE;
				CLANG_CXX_LANGUAGE_STANDARD = "gnu++20";
				CLANG_ENABLE_MODULES = YES;
				CLANG_ENABLE_OBJC_ARC = YES;
				CLANG_ENABLE_OBJC_WEAK = YES;
				CLANG_WARN_BLOCK_CAPTURE_AUTORELEASING = YES;
				CLANG_WARN_BOOL_CONVERSION = YES;
				CLANG_WARN_COMMA = YES;
				CLANG_WARN_CONSTANT_CONVERSION = YES;
				CLANG_WARN_DEPRECATED_OBJC_IMPLEMENTATIONS = YES;
				CLANG_WARN_DIRECT_OBJC_ISA_USAGE = YES_ERROR;
				CLANG_WARN_DOCUMENTATION_COMMENTS = YES;
				CLANG_WARN_EMPTY_BODY = YES;
				CLANG_WARN_ENUM_CONVERSION = YES;
				CLANG_WARN_INFINITE_RECURSION = YES;
				CLANG_WARN_INT_CONVERSION = YES;
				CLANG_WARN_NON_LITERAL_NULL_CONVERSION = YES;
				CLANG_WARN_OBJC_IMPLICIT_RETAIN_SELF = YES;
				CLANG_WARN_OBJC_LITERAL_CONVERSION = YES;
				CLANG_WARN_OBJC_ROOT_CLASS = YES_ERROR;
				CLANG_WARN_QUOTED_INCLUDE_IN_FRAMEWORK_HEADER = YES;
				CLANG_WARN_RANGE_LOOP_ANALYSIS = YES;
				CLANG_WARN_STRICT_PROTOTYPES = YES;
				CLANG_WARN_SUSPICIOUS_MOVE = YES;
				CLANG_WARN_UNGUARDED_AVAILABILITY = YES_AGGRESSIVE;
				CLANG_WARN_UNREACHABLE_CODE = YES;
				CLANG_WARN__DUPLICATE_METHOD_MATCH = YES;
				COPY_PHASE_STRIP = NO;
				DEBUG_INFORMATION_FORMAT = dwarf;
				ENABLE_STRICT_OBJC_MSGSEND = YES;
				ENABLE_TESTABILITY = YES;
				GCC_C_LANGUAGE_STANDARD = gnu11;
				GCC_DYNAMIC_NO_PIC = NO;
				GCC_NO_COMMON_BLOCKS = YES;
				GCC_OPTIMIZATION_LEVEL = 0;
				GCC_PREPROCESSOR_DEFINITIONS = (
					"DEBUG=1",
					"$(inherited)",
				);
				GCC_WARN_64_TO_32_BIT_CONVERSION = YES;
				GCC_WARN_ABOUT_RETURN_TYPE = YES_ERROR;
				GCC_WARN_UNDECLARED_SELECTOR = YES;
				GCC_WARN_UNINITIALIZED_AUTOS = YES_AGGRESSIVE;
				GCC_WARN_UNUSED_FUNCTION = YES;
				GCC_WARN_UNUSED_VARIABLE = YES;
				IPHONEOS_DEPLOYMENT_TARGET = 16.1;
				MTL_ENABLE_DEBUG_INFO = INCLUDE_SOURCE;
				MTL_FAST_MATH = YES;
				ONLY_ACTIVE_ARCH = YES;
				SDKROOT = iphoneos;
				SWIFT_ACTIVE_COMPILATION_CONDITIONS = DEBUG;
				SWIFT_OPTIMIZATION_LEVEL = "-Onone";
			};
			name = Debug;
		};
		D6AB592D2979630300FB7E4E /* Release */ = {
			isa = XCBuildConfiguration;
			buildSettings = {
				ALWAYS_SEARCH_USER_PATHS = NO;
				CLANG_ANALYZER_NONNULL = YES;
				CLANG_ANALYZER_NUMBER_OBJECT_CONVERSION = YES_AGGRESSIVE;
				CLANG_CXX_LANGUAGE_STANDARD = "gnu++20";
				CLANG_ENABLE_MODULES = YES;
				CLANG_ENABLE_OBJC_ARC = YES;
				CLANG_ENABLE_OBJC_WEAK = YES;
				CLANG_WARN_BLOCK_CAPTURE_AUTORELEASING = YES;
				CLANG_WARN_BOOL_CONVERSION = YES;
				CLANG_WARN_COMMA = YES;
				CLANG_WARN_CONSTANT_CONVERSION = YES;
				CLANG_WARN_DEPRECATED_OBJC_IMPLEMENTATIONS = YES;
				CLANG_WARN_DIRECT_OBJC_ISA_USAGE = YES_ERROR;
				CLANG_WARN_DOCUMENTATION_COMMENTS = YES;
				CLANG_WARN_EMPTY_BODY = YES;
				CLANG_WARN_ENUM_CONVERSION = YES;
				CLANG_WARN_INFINITE_RECURSION = YES;
				CLANG_WARN_INT_CONVERSION = YES;
				CLANG_WARN_NON_LITERAL_NULL_CONVERSION = YES;
				CLANG_WARN_OBJC_IMPLICIT_RETAIN_SELF = YES;
				CLANG_WARN_OBJC_LITERAL_CONVERSION = YES;
				CLANG_WARN_OBJC_ROOT_CLASS = YES_ERROR;
				CLANG_WARN_QUOTED_INCLUDE_IN_FRAMEWORK_HEADER = YES;
				CLANG_WARN_RANGE_LOOP_ANALYSIS = YES;
				CLANG_WARN_STRICT_PROTOTYPES = YES;
				CLANG_WARN_SUSPICIOUS_MOVE = YES;
				CLANG_WARN_UNGUARDED_AVAILABILITY = YES_AGGRESSIVE;
				CLANG_WARN_UNREACHABLE_CODE = YES;
				CLANG_WARN__DUPLICATE_METHOD_MATCH = YES;
				COPY_PHASE_STRIP = NO;
				DEBUG_INFORMATION_FORMAT = "dwarf-with-dsym";
				ENABLE_NS_ASSERTIONS = NO;
				ENABLE_STRICT_OBJC_MSGSEND = YES;
				GCC_C_LANGUAGE_STANDARD = gnu11;
				GCC_NO_COMMON_BLOCKS = YES;
				GCC_WARN_64_TO_32_BIT_CONVERSION = YES;
				GCC_WARN_ABOUT_RETURN_TYPE = YES_ERROR;
				GCC_WARN_UNDECLARED_SELECTOR = YES;
				GCC_WARN_UNINITIALIZED_AUTOS = YES_AGGRESSIVE;
				GCC_WARN_UNUSED_FUNCTION = YES;
				GCC_WARN_UNUSED_VARIABLE = YES;
				IPHONEOS_DEPLOYMENT_TARGET = 16.1;
				MTL_ENABLE_DEBUG_INFO = NO;
				MTL_FAST_MATH = YES;
				SDKROOT = iphoneos;
				SWIFT_COMPILATION_MODE = wholemodule;
				SWIFT_OPTIMIZATION_LEVEL = "-O";
				VALIDATE_PRODUCT = YES;
			};
			name = Release;
		};
		D6AB592F2979630300FB7E4E /* Debug */ = {
			isa = XCBuildConfiguration;
			buildSettings = {
				ASSETCATALOG_COMPILER_APPICON_NAME = AppIcon;
				ASSETCATALOG_COMPILER_GLOBAL_ACCENT_COLOR_NAME = AccentColor;
				CODE_SIGN_STYLE = Automatic;
				CURRENT_PROJECT_VERSION = 1;
				DEVELOPMENT_TEAM = RVJX7CVR56;
				GENERATE_INFOPLIST_FILE = YES;
				INFOPLIST_FILE = Instagram_01/Info.plist;
				INFOPLIST_KEY_UIApplicationSupportsIndirectInputEvents = YES;
				INFOPLIST_KEY_UILaunchStoryboardName = LaunchScreen;
				INFOPLIST_KEY_UIMainStoryboardFile = Main;
				INFOPLIST_KEY_UISupportedInterfaceOrientations_iPad = "UIInterfaceOrientationPortrait UIInterfaceOrientationPortraitUpsideDown UIInterfaceOrientationLandscapeLeft UIInterfaceOrientationLandscapeRight";
				INFOPLIST_KEY_UISupportedInterfaceOrientations_iPhone = "UIInterfaceOrientationPortrait UIInterfaceOrientationLandscapeLeft UIInterfaceOrientationLandscapeRight";
				LD_RUNPATH_SEARCH_PATHS = (
					"$(inherited)",
					"@executable_path/Frameworks",
				);
				MARKETING_VERSION = 1.0;
				PRODUCT_BUNDLE_IDENTIFIER = "com.woojun.lee.Instagram-01";
				PRODUCT_NAME = "$(TARGET_NAME)";
				SWIFT_EMIT_LOC_STRINGS = YES;
				SWIFT_VERSION = 5.0;
				TARGETED_DEVICE_FAMILY = "1,2";
			};
			name = Debug;
		};
		D6AB59302979630300FB7E4E /* Release */ = {
			isa = XCBuildConfiguration;
			buildSettings = {
				ASSETCATALOG_COMPILER_APPICON_NAME = AppIcon;
				ASSETCATALOG_COMPILER_GLOBAL_ACCENT_COLOR_NAME = AccentColor;
				CODE_SIGN_STYLE = Automatic;
				CURRENT_PROJECT_VERSION = 1;
				DEVELOPMENT_TEAM = RVJX7CVR56;
				GENERATE_INFOPLIST_FILE = YES;
				INFOPLIST_FILE = Instagram_01/Info.plist;
				INFOPLIST_KEY_UIApplicationSupportsIndirectInputEvents = YES;
				INFOPLIST_KEY_UILaunchStoryboardName = LaunchScreen;
				INFOPLIST_KEY_UIMainStoryboardFile = Main;
				INFOPLIST_KEY_UISupportedInterfaceOrientations_iPad = "UIInterfaceOrientationPortrait UIInterfaceOrientationPortraitUpsideDown UIInterfaceOrientationLandscapeLeft UIInterfaceOrientationLandscapeRight";
				INFOPLIST_KEY_UISupportedInterfaceOrientations_iPhone = "UIInterfaceOrientationPortrait UIInterfaceOrientationLandscapeLeft UIInterfaceOrientationLandscapeRight";
				LD_RUNPATH_SEARCH_PATHS = (
					"$(inherited)",
					"@executable_path/Frameworks",
				);
				MARKETING_VERSION = 1.0;
				PRODUCT_BUNDLE_IDENTIFIER = "com.woojun.lee.Instagram-01";
				PRODUCT_NAME = "$(TARGET_NAME)";
				SWIFT_EMIT_LOC_STRINGS = YES;
				SWIFT_VERSION = 5.0;
				TARGETED_DEVICE_FAMILY = "1,2";
			};
			name = Release;
		};
/* End XCBuildConfiguration section */

/* Begin XCConfigurationList section */
		D6AB59152979630100FB7E4E /* Build configuration list for PBXProject "Instagram_01" */ = {
			isa = XCConfigurationList;
			buildConfigurations = (
				D6AB592C2979630300FB7E4E /* Debug */,
				D6AB592D2979630300FB7E4E /* Release */,
			);
			defaultConfigurationIsVisible = 0;
			defaultConfigurationName = Release;
		};
		D6AB592E2979630300FB7E4E /* Build configuration list for PBXNativeTarget "Instagram_01" */ = {
			isa = XCConfigurationList;
			buildConfigurations = (
				D6AB592F2979630300FB7E4E /* Debug */,
				D6AB59302979630300FB7E4E /* Release */,
			);
			defaultConfigurationIsVisible = 0;
			defaultConfigurationName = Release;
		};
/* End XCConfigurationList section */
	};
	rootObject = D6AB59122979630100FB7E4E /* Project object */;
}
